
Microsoft Visual Studio Solution File, Format Version 12.00
# Visual Studio 2012
Project("{FAE04EC0-301F-11D3-BF4B-00C04F79EFBC}") = "Assembler", "Assembler\Assembler.csproj", "{BFB0D791-9C6C-456A-8B89-2ED73C84FDD7}"
EndProject
Project("{FAE04EC0-301F-11D3-BF4B-00C04F79EFBC}") = "DataStructure", "DataStructure\DataStructure.csproj", "{A3C81FFA-07EB-4239-AFED-DB93E161FE71}"
EndProject
Project("{FAE04EC0-301F-11D3-BF4B-00C04F79EFBC}") = "Disassembler", "Disassembler\Disassembler.csproj", "{AF50365C-3492-4D95-B806-22B411AF1778}"
EndProject
Project("{FAE04EC0-301F-11D3-BF4B-00C04F79EFBC}") = "Assembler.CLI", "Assembler.CLI\Assembler.CLI.csproj", "{5BD7D758-9877-4A39-AFDE-DA4313E327E8}"
EndProject
Project("{FAE04EC0-301F-11D3-BF4B-00C04F79EFBC}") = "Disassembler.CLI", "Disassembler.CLI\Disassembler.CLI.csproj", "{231B528A-4D90-44D2-8D72-D5B3A6589528}"
EndProject
Project("{FAE04EC0-301F-11D3-BF4B-00C04F79EFBC}") = "Compiler", "Compiler\Compiler.csproj", "{DB12D97E-2396-4378-B738-59DF16C4B10D}"
EndProject
Project("{FAE04EC0-301F-11D3-BF4B-00C04F79EFBC}") = "Compiler.CLI", "Compiler.CLI\Compiler.CLI.csproj", "{4A051863-DC05-41D5-A499-33C922A39D3B}"
EndProject
Project("{FAE04EC0-301F-11D3-BF4B-00C04F79EFBC}") = "Assembler.GUI", "Assembler.GUI\Assembler.GUI.csproj", "{B4A5C52E-D391-4866-96E9-FC6F5094E2B6}"
EndProject
Project("{FAE04EC0-301F-11D3-BF4B-00C04F79EFBC}") = "Compiler.GUI", "Compiler.GUI\Compiler.GUI.csproj", "{FB530D7A-EA99-4A30-AD81-9634403CF67D}"
EndProject
Project("{E24C65DC-7377-472B-9ABA-BC803B73C61A}") = "MIPS246.Web", "http://localhost:5153", "{F7831300-A269-43F4-B915-95252AB5D70A}"
	ProjectSection(WebsiteProperties) = preProject
		UseIISExpress = "true"
		TargetFrameworkMoniker = ".NETFramework,Version%3Dv4.0"
		ProjectReferences = "{bfb0d791-9c6c-456a-8b89-2ed73c84fdd7}|Assembler.dll;{A3C81FFA-07EB-4239-AFED-DB93E161FE71}|DataStructure.dll;{cc5276e4-9b49-4ed0-b3a7-b52c6755da6e}|TestCodeGeneator.dll;"
		Debug.AspNetCompiler.VirtualPath = "/localhost_5153"
		Debug.AspNetCompiler.PhysicalPath = "MIPS246.Web\"
		Debug.AspNetCompiler.TargetPath = "PrecompiledWeb\localhost_5153\"
		Debug.AspNetCompiler.Updateable = "true"
		Debug.AspNetCompiler.ForceOverwrite = "true"
		Debug.AspNetCompiler.FixedNames = "false"
		Debug.AspNetCompiler.Debug = "True"
		Release.AspNetCompiler.VirtualPath = "/localhost_5153"
		Release.AspNetCompiler.PhysicalPath = "MIPS246.Web\"
		Release.AspNetCompiler.TargetPath = "PrecompiledWeb\localhost_5153\"
		Release.AspNetCompiler.Updateable = "true"
		Release.AspNetCompiler.ForceOverwrite = "true"
		Release.AspNetCompiler.FixedNames = "false"
		Release.AspNetCompiler.Debug = "False"
		SlnRelativePath = "MIPS246.Web\"
		DefaultWebSiteLanguage = "Visual C#"
	EndProjectSection
EndProject
Project("{FAE04EC0-301F-11D3-BF4B-00C04F79EFBC}") = "TestCodeGeneator", "TestCodeGeneator\TestCodeGeneator.csproj", "{CC5276E4-9B49-4ED0-B3A7-B52C6755DA6E}"
EndProject
Project("{FAE04EC0-301F-11D3-BF4B-00C04F79EFBC}") = "MIPS246.Test", "MIPS246.Test\MIPS246.Test.csproj", "{409FECC3-6926-4C50-A15A-ECC8D2DA1A50}"
EndProject
Project("{FAE04EC0-301F-11D3-BF4B-00C04F79EFBC}") = "MIPS246.Simulator", "MIPS246.Simulator\MIPS246.Simulator.csproj", "{4F8C5241-F0A8-46FB-BC40-2FFADBDD5FB4}"
EndProject
Global
	GlobalSection(SolutionConfigurationPlatforms) = preSolution
		Debug|Any CPU = Debug|Any CPU
		Debug|Mixed Platforms = Debug|Mixed Platforms
		Debug|x86 = Debug|x86
		Release|Any CPU = Release|Any CPU
		Release|Mixed Platforms = Release|Mixed Platforms
		Release|x86 = Release|x86
	EndGlobalSection
	GlobalSection(ProjectConfigurationPlatforms) = postSolution
		{BFB0D791-9C6C-456A-8B89-2ED73C84FDD7}.Debug|Any CPU.ActiveCfg = Debug|Any CPU
		{BFB0D791-9C6C-456A-8B89-2ED73C84FDD7}.Debug|Any CPU.Build.0 = Debug|Any CPU
		{BFB0D791-9C6C-456A-8B89-2ED73C84FDD7}.Debug|Mixed Platforms.ActiveCfg = Debug|Any CPU
		{BFB0D791-9C6C-456A-8B89-2ED73C84FDD7}.Debug|Mixed Platforms.Build.0 = Debug|Any CPU
		{BFB0D791-9C6C-456A-8B89-2ED73C84FDD7}.Debug|x86.ActiveCfg = Debug|Any CPU
		{BFB0D791-9C6C-456A-8B89-2ED73C84FDD7}.Release|Any CPU.ActiveCfg = Release|Any CPU
		{BFB0D791-9C6C-456A-8B89-2ED73C84FDD7}.Release|Any CPU.Build.0 = Release|Any CPU
		{BFB0D791-9C6C-456A-8B89-2ED73C84FDD7}.Release|Mixed Platforms.ActiveCfg = Release|Any CPU
		{BFB0D791-9C6C-456A-8B89-2ED73C84FDD7}.Release|Mixed Platforms.Build.0 = Release|Any CPU
		{BFB0D791-9C6C-456A-8B89-2ED73C84FDD7}.Release|x86.ActiveCfg = Release|Any CPU
		{A3C81FFA-07EB-4239-AFED-DB93E161FE71}.Debug|Any CPU.ActiveCfg = Debug|Any CPU
		{A3C81FFA-07EB-4239-AFED-DB93E161FE71}.Debug|Any CPU.Build.0 = Debug|Any CPU
		{A3C81FFA-07EB-4239-AFED-DB93E161FE71}.Debug|Mixed Platforms.ActiveCfg = Debug|Any CPU
		{A3C81FFA-07EB-4239-AFED-DB93E161FE71}.Debug|Mixed Platforms.Build.0 = Debug|Any CPU
		{A3C81FFA-07EB-4239-AFED-DB93E161FE71}.Debug|x86.ActiveCfg = Debug|Any CPU
		{A3C81FFA-07EB-4239-AFED-DB93E161FE71}.Release|Any CPU.ActiveCfg = Release|Any CPU
		{A3C81FFA-07EB-4239-AFED-DB93E161FE71}.Release|Any CPU.Build.0 = Release|Any CPU
		{A3C81FFA-07EB-4239-AFED-DB93E161FE71}.Release|Mixed Platforms.ActiveCfg = Release|Any CPU
		{A3C81FFA-07EB-4239-AFED-DB93E161FE71}.Release|Mixed Platforms.Build.0 = Release|Any CPU
		{A3C81FFA-07EB-4239-AFED-DB93E161FE71}.Release|x86.ActiveCfg = Release|Any CPU
		{AF50365C-3492-4D95-B806-22B411AF1778}.Debug|Any CPU.ActiveCfg = Debug|Any CPU
		{AF50365C-3492-4D95-B806-22B411AF1778}.Debug|Any CPU.Build.0 = Debug|Any CPU
		{AF50365C-3492-4D95-B806-22B411AF1778}.Debug|Mixed Platforms.ActiveCfg = Debug|Any CPU
		{AF50365C-3492-4D95-B806-22B411AF1778}.Debug|Mixed Platforms.Build.0 = Debug|Any CPU
		{AF50365C-3492-4D95-B806-22B411AF1778}.Debug|x86.ActiveCfg = Debug|Any CPU
		{AF50365C-3492-4D95-B806-22B411AF1778}.Release|Any CPU.ActiveCfg = Release|Any CPU
		{AF50365C-3492-4D95-B806-22B411AF1778}.Release|Any CPU.Build.0 = Release|Any CPU
		{AF50365C-3492-4D95-B806-22B411AF1778}.Release|Mixed Platforms.ActiveCfg = Release|Any CPU
		{AF50365C-3492-4D95-B806-22B411AF1778}.Release|Mixed Platforms.Build.0 = Release|Any CPU
		{AF50365C-3492-4D95-B806-22B411AF1778}.Release|x86.ActiveCfg = Release|Any CPU
		{5BD7D758-9877-4A39-AFDE-DA4313E327E8}.Debug|Any CPU.ActiveCfg = Debug|x86
		{5BD7D758-9877-4A39-AFDE-DA4313E327E8}.Debug|Mixed Platforms.ActiveCfg = Debug|x86
		{5BD7D758-9877-4A39-AFDE-DA4313E327E8}.Debug|Mixed Platforms.Build.0 = Debug|x86
		{5BD7D758-9877-4A39-AFDE-DA4313E327E8}.Debug|x86.ActiveCfg = Debug|x86
		{5BD7D758-9877-4A39-AFDE-DA4313E327E8}.Debug|x86.Build.0 = Debug|x86
		{5BD7D758-9877-4A39-AFDE-DA4313E327E8}.Release|Any CPU.ActiveCfg = Release|x86
		{5BD7D758-9877-4A39-AFDE-DA4313E327E8}.Release|Mixed Platforms.ActiveCfg = Release|x86
		{5BD7D758-9877-4A39-AFDE-DA4313E327E8}.Release|Mixed Platforms.Build.0 = Release|x86
		{5BD7D758-9877-4A39-AFDE-DA4313E327E8}.Release|x86.ActiveCfg = Release|x86
		{5BD7D758-9877-4A39-AFDE-DA4313E327E8}.Release|x86.Build.0 = Release|x86
		{231B528A-4D90-44D2-8D72-D5B3A6589528}.Debug|Any CPU.ActiveCfg = Debug|x86
		{231B528A-4D90-44D2-8D72-D5B3A6589528}.Debug|Mixed Platforms.ActiveCfg = Debug|x86
		{231B528A-4D90-44D2-8D72-D5B3A6589528}.Debug|Mixed Platforms.Build.0 = Debug|x86
		{231B528A-4D90-44D2-8D72-D5B3A6589528}.Debug|x86.ActiveCfg = Debug|x86
		{231B528A-4D90-44D2-8D72-D5B3A6589528}.Debug|x86.Build.0 = Debug|x86
		{231B528A-4D90-44D2-8D72-D5B3A6589528}.Release|Any CPU.ActiveCfg = Release|x86
		{231B528A-4D90-44D2-8D72-D5B3A6589528}.Release|Mixed Platforms.ActiveCfg = Release|x86
		{231B528A-4D90-44D2-8D72-D5B3A6589528}.Release|Mixed Platforms.Build.0 = Release|x86
		{231B528A-4D90-44D2-8D72-D5B3A6589528}.Release|x86.ActiveCfg = Release|x86
		{231B528A-4D90-44D2-8D72-D5B3A6589528}.Release|x86.Build.0 = Release|x86
		{DB12D97E-2396-4378-B738-59DF16C4B10D}.Debug|Any CPU.ActiveCfg = Debug|Any CPU
		{DB12D97E-2396-4378-B738-59DF16C4B10D}.Debug|Any CPU.Build.0 = Debug|Any CPU
		{DB12D97E-2396-4378-B738-59DF16C4B10D}.Debug|Mixed Platforms.ActiveCfg = Debug|Any CPU
		{DB12D97E-2396-4378-B738-59DF16C4B10D}.Debug|Mixed Platforms.Build.0 = Debug|Any CPU
		{DB12D97E-2396-4378-B738-59DF16C4B10D}.Debug|x86.ActiveCfg = Debug|Any CPU
		{DB12D97E-2396-4378-B738-59DF16C4B10D}.Release|Any CPU.ActiveCfg = Release|Any CPU
		{DB12D97E-2396-4378-B738-59DF16C4B10D}.Release|Any CPU.Build.0 = Release|Any CPU
		{DB12D97E-2396-4378-B738-59DF16C4B10D}.Release|Mixed Platforms.ActiveCfg = Release|Any CPU
		{DB12D97E-2396-4378-B738-59DF16C4B10D}.Release|Mixed Platforms.Build.0 = Release|Any CPU
		{DB12D97E-2396-4378-B738-59DF16C4B10D}.Release|x86.ActiveCfg = Release|Any CPU
		{4A051863-DC05-41D5-A499-33C922A39D3B}.Debug|Any CPU.ActiveCfg = Debug|x86
		{4A051863-DC05-41D5-A499-33C922A39D3B}.Debug|Mixed Platforms.ActiveCfg = Debug|x86
		{4A051863-DC05-41D5-A499-33C922A39D3B}.Debug|Mixed Platforms.Build.0 = Debug|x86
		{4A051863-DC05-41D5-A499-33C922A39D3B}.Debug|x86.ActiveCfg = Debug|x86
		{4A051863-DC05-41D5-A499-33C922A39D3B}.Debug|x86.Build.0 = Debug|x86
		{4A051863-DC05-41D5-A499-33C922A39D3B}.Release|Any CPU.ActiveCfg = Release|x86
		{4A051863-DC05-41D5-A499-33C922A39D3B}.Release|Mixed Platforms.ActiveCfg = Release|x86
		{4A051863-DC05-41D5-A499-33C922A39D3B}.Release|Mixed Platforms.Build.0 = Release|x86
		{4A051863-DC05-41D5-A499-33C922A39D3B}.Release|x86.ActiveCfg = Release|x86
		{4A051863-DC05-41D5-A499-33C922A39D3B}.Release|x86.Build.0 = Release|x86
		{B4A5C52E-D391-4866-96E9-FC6F5094E2B6}.Debug|Any CPU.ActiveCfg = Debug|Any CPU
		{B4A5C52E-D391-4866-96E9-FC6F5094E2B6}.Debug|Any CPU.Build.0 = Debug|Any CPU
		{B4A5C52E-D391-4866-96E9-FC6F5094E2B6}.Debug|Mixed Platforms.ActiveCfg = Debug|Any CPU
		{B4A5C52E-D391-4866-96E9-FC6F5094E2B6}.Debug|Mixed Platforms.Build.0 = Debug|Any CPU
		{B4A5C52E-D391-4866-96E9-FC6F5094E2B6}.Debug|x86.ActiveCfg = Debug|Any CPU
		{B4A5C52E-D391-4866-96E9-FC6F5094E2B6}.Release|Any CPU.ActiveCfg = Release|Any CPU
		{B4A5C52E-D391-4866-96E9-FC6F5094E2B6}.Release|Any CPU.Build.0 = Release|Any CPU
		{B4A5C52E-D391-4866-96E9-FC6F5094E2B6}.Release|Mixed Platforms.ActiveCfg = Release|Any CPU
		{B4A5C52E-D391-4866-96E9-FC6F5094E2B6}.Release|Mixed Platforms.Build.0 = Release|Any CPU
		{B4A5C52E-D391-4866-96E9-FC6F5094E2B6}.Release|x86.ActiveCfg = Release|Any CPU
		{FB530D7A-EA99-4A30-AD81-9634403CF67D}.Debug|Any CPU.ActiveCfg = Debug|Any CPU
		{FB530D7A-EA99-4A30-AD81-9634403CF67D}.Debug|Any CPU.Build.0 = Debug|Any CPU
		{FB530D7A-EA99-4A30-AD81-9634403CF67D}.Debug|Mixed Platforms.ActiveCfg = Debug|Any CPU
		{FB530D7A-EA99-4A30-AD81-9634403CF67D}.Debug|Mixed Platforms.Build.0 = Debug|Any CPU
		{FB530D7A-EA99-4A30-AD81-9634403CF67D}.Debug|x86.ActiveCfg = Debug|Any CPU
		{FB530D7A-EA99-4A30-AD81-9634403CF67D}.Release|Any CPU.ActiveCfg = Release|Any CPU
		{FB530D7A-EA99-4A30-AD81-9634403CF67D}.Release|Any CPU.Build.0 = Release|Any CPU
		{FB530D7A-EA99-4A30-AD81-9634403CF67D}.Release|Mixed Platforms.ActiveCfg = Release|Any CPU
		{FB530D7A-EA99-4A30-AD81-9634403CF67D}.Release|Mixed Platforms.Build.0 = Release|Any CPU
		{FB530D7A-EA99-4A30-AD81-9634403CF67D}.Release|x86.ActiveCfg = Release|Any CPU
		{F7831300-A269-43F4-B915-95252AB5D70A}.Debug|Any CPU.ActiveCfg = Debug|Any CPU
		{F7831300-A269-43F4-B915-95252AB5D70A}.Debug|Any CPU.Build.0 = Debug|Any CPU
		{F7831300-A269-43F4-B915-95252AB5D70A}.Debug|Mixed Platforms.ActiveCfg = Debug|Any CPU
		{F7831300-A269-43F4-B915-95252AB5D70A}.Debug|Mixed Platforms.Build.0 = Debug|Any CPU
		{F7831300-A269-43F4-B915-95252AB5D70A}.Debug|x86.ActiveCfg = Debug|Any CPU
		{F7831300-A269-43F4-B915-95252AB5D70A}.Release|Any CPU.ActiveCfg = Debug|Any CPU
		{F7831300-A269-43F4-B915-95252AB5D70A}.Release|Any CPU.Build.0 = Debug|Any CPU
		{F7831300-A269-43F4-B915-95252AB5D70A}.Release|Mixed Platforms.ActiveCfg = Debug|Any CPU
		{F7831300-A269-43F4-B915-95252AB5D70A}.Release|Mixed Platforms.Build.0 = Debug|Any CPU
		{F7831300-A269-43F4-B915-95252AB5D70A}.Release|x86.ActiveCfg = Debug|Any CPU
		{CC5276E4-9B49-4ED0-B3A7-B52C6755DA6E}.Debug|Any CPU.ActiveCfg = Debug|Any CPU
		{CC5276E4-9B49-4ED0-B3A7-B52C6755DA6E}.Debug|Any CPU.Build.0 = Debug|Any CPU
		{CC5276E4-9B49-4ED0-B3A7-B52C6755DA6E}.Debug|Mixed Platforms.ActiveCfg = Debug|Any CPU
		{CC5276E4-9B49-4ED0-B3A7-B52C6755DA6E}.Debug|Mixed Platforms.Build.0 = Debug|Any CPU
		{CC5276E4-9B49-4ED0-B3A7-B52C6755DA6E}.Debug|x86.ActiveCfg = Debug|Any CPU
		{CC5276E4-9B49-4ED0-B3A7-B52C6755DA6E}.Release|Any CPU.ActiveCfg = Release|Any CPU
		{CC5276E4-9B49-4ED0-B3A7-B52C6755DA6E}.Release|Any CPU.Build.0 = Release|Any CPU
		{CC5276E4-9B49-4ED0-B3A7-B52C6755DA6E}.Release|Mixed Platforms.ActiveCfg = Release|Any CPU
		{CC5276E4-9B49-4ED0-B3A7-B52C6755DA6E}.Release|Mixed Platforms.Build.0 = Release|Any CPU
		{CC5276E4-9B49-4ED0-B3A7-B52C6755DA6E}.Release|x86.ActiveCfg = Release|Any CPU
		{409FECC3-6926-4C50-A15A-ECC8D2DA1A50}.Debug|Any CPU.ActiveCfg = Debug|Any CPU
		{409FECC3-6926-4C50-A15A-ECC8D2DA1A50}.Debug|Any CPU.Build.0 = Debug|Any CPU
		{409FECC3-6926-4C50-A15A-ECC8D2DA1A50}.Debug|Mixed Platforms.ActiveCfg = Debug|Any CPU
		{409FECC3-6926-4C50-A15A-ECC8D2DA1A50}.Debug|Mixed Platforms.Build.0 = Debug|Any CPU
		{409FECC3-6926-4C50-A15A-ECC8D2DA1A50}.Debug|x86.ActiveCfg = Debug|Any CPU
		{409FECC3-6926-4C50-A15A-ECC8D2DA1A50}.Release|Any CPU.ActiveCfg = Release|Any CPU
		{409FECC3-6926-4C50-A15A-ECC8D2DA1A50}.Release|Any CPU.Build.0 = Release|Any CPU
		{409FECC3-6926-4C50-A15A-ECC8D2DA1A50}.Release|Mixed Platforms.ActiveCfg = Release|Any CPU
		{409FECC3-6926-4C50-A15A-ECC8D2DA1A50}.Release|Mixed Platforms.Build.0 = Release|Any CPU
		{409FECC3-6926-4C50-A15A-ECC8D2DA1A50}.Release|x86.ActiveCfg = Release|Any CPU
		{4F8C5241-F0A8-46FB-BC40-2FFADBDD5FB4}.Debug|Any CPU.ActiveCfg = Debug|x86
		{4F8C5241-F0A8-46FB-BC40-2FFADBDD5FB4}.Debug|Mixed Platforms.ActiveCfg = Debug|x86
		{4F8C5241-F0A8-46FB-BC40-2FFADBDD5FB4}.Debug|Mixed Platforms.Build.0 = Debug|x86
		{4F8C5241-F0A8-46FB-BC40-2FFADBDD5FB4}.Debug|x86.ActiveCfg = Debug|x86
		{4F8C5241-F0A8-46FB-BC40-2FFADBDD5FB4}.Debug|x86.Build.0 = Debug|x86
		{4F8C5241-F0A8-46FB-BC40-2FFADBDD5FB4}.Release|Any CPU.ActiveCfg = Release|x86
		{4F8C5241-F0A8-46FB-BC40-2FFADBDD5FB4}.Release|Mixed Platforms.ActiveCfg = Release|x86
		{4F8C5241-F0A8-46FB-BC40-2FFADBDD5FB4}.Release|Mixed Platforms.Build.0 = Release|x86
		{4F8C5241-F0A8-46FB-BC40-2FFADBDD5FB4}.Release|x86.ActiveCfg = Release|x86
		{4F8C5241-F0A8-46FB-BC40-2FFADBDD5FB4}.Release|x86.Build.0 = Release|x86
	EndGlobalSection
	GlobalSection(SolutionProperties) = preSolution
		HideSolutionNode = FALSE
	EndGlobalSection
EndGlobal
